// !$*UTF8*$!
{
	archiveVersion = 1;
	classes = {
	};
	objectVersion = 50;
	objects = {

/* Begin PBXBuildFile section */
		9904CC2425EB309600DE0941 /* SingletonClassConstant.swift in Sources */ = {isa = PBXBuildFile; fileRef = 9904CC2325EB309600DE0941 /* SingletonClassConstant.swift */; };
		9904CC2925EB314600DE0941 /* SingletonNestedStruct.swift in Sources */ = {isa = PBXBuildFile; fileRef = 9904CC2825EB314600DE0941 /* SingletonNestedStruct.swift */; };
		9904CC3625EB337800DE0941 /* SingletonClassConstantTests.swift in Sources */ = {isa = PBXBuildFile; fileRef = 9904CC3525EB337800DE0941 /* SingletonClassConstantTests.swift */; };
		9904CC3E25EB37CE00DE0941 /* SingletonNestedStructTests.swift in Sources */ = {isa = PBXBuildFile; fileRef = 9904CC3D25EB37CE00DE0941 /* SingletonNestedStructTests.swift */; };
		99E866EE25E945320093E29B /* AppDelegate.swift in Sources */ = {isa = PBXBuildFile; fileRef = 99E866ED25E945320093E29B /* AppDelegate.swift */; };
		99E866F025E945320093E29B /* SceneDelegate.swift in Sources */ = {isa = PBXBuildFile; fileRef = 99E866EF25E945320093E29B /* SceneDelegate.swift */; };
		99E866F225E945320093E29B /* ViewController.swift in Sources */ = {isa = PBXBuildFile; fileRef = 99E866F125E945320093E29B /* ViewController.swift */; };
		99E866F525E945320093E29B /* Main.storyboard in Resources */ = {isa = PBXBuildFile; fileRef = 99E866F325E945320093E29B /* Main.storyboard */; };
		99E866F725E945330093E29B /* Assets.xcassets in Resources */ = {isa = PBXBuildFile; fileRef = 99E866F625E945330093E29B /* Assets.xcassets */; };
		99E866FA25E945330093E29B /* LaunchScreen.storyboard in Resources */ = {isa = PBXBuildFile; fileRef = 99E866F825E945330093E29B /* LaunchScreen.storyboard */; };
		99E8670525E945330093E29B /* DesignPatternsTests.swift in Sources */ = {isa = PBXBuildFile; fileRef = 99E8670425E945330093E29B /* DesignPatternsTests.swift */; };
		99E8671025E945330093E29B /* DesignPatternsUITests.swift in Sources */ = {isa = PBXBuildFile; fileRef = 99E8670F25E945330093E29B /* DesignPatternsUITests.swift */; };
		99E8672325E949270093E29B /* .swiftlint.yml in Resources */ = {isa = PBXBuildFile; fileRef = 99E8672225E949270093E29B /* .swiftlint.yml */; };
/* End PBXBuildFile section */

/* Begin PBXContainerItemProxy section */
		99E8670125E945330093E29B /* PBXContainerItemProxy */ = {
			isa = PBXContainerItemProxy;
			containerPortal = 99E866E225E945320093E29B /* Project object */;
			proxyType = 1;
			remoteGlobalIDString = 99E866E925E945320093E29B;
			remoteInfo = DesignPatterns;
		};
		99E8670C25E945330093E29B /* PBXContainerItemProxy */ = {
			isa = PBXContainerItemProxy;
			containerPortal = 99E866E225E945320093E29B /* Project object */;
			proxyType = 1;
			remoteGlobalIDString = 99E866E925E945320093E29B;
			remoteInfo = DesignPatterns;
		};
/* End PBXContainerItemProxy section */

/* Begin PBXFileReference section */
		9904CC2325EB309600DE0941 /* SingletonClassConstant.swift */ = {isa = PBXFileReference; lastKnownFileType = sourcecode.swift; path = SingletonClassConstant.swift; sourceTree = "<group>"; };
		9904CC2825EB314600DE0941 /* SingletonNestedStruct.swift */ = {isa = PBXFileReference; lastKnownFileType = sourcecode.swift; path = SingletonNestedStruct.swift; sourceTree = "<group>"; };
		9904CC3525EB337800DE0941 /* SingletonClassConstantTests.swift */ = {isa = PBXFileReference; lastKnownFileType = sourcecode.swift; path = SingletonClassConstantTests.swift; sourceTree = "<group>"; };
		9904CC3D25EB37CE00DE0941 /* SingletonNestedStructTests.swift */ = {isa = PBXFileReference; lastKnownFileType = sourcecode.swift; path = SingletonNestedStructTests.swift; sourceTree = "<group>"; };
		99E866EA25E945320093E29B /* DesignPatterns.app */ = {isa = PBXFileReference; explicitFileType = wrapper.application; includeInIndex = 0; path = DesignPatterns.app; sourceTree = BUILT_PRODUCTS_DIR; };
		99E866ED25E945320093E29B /* AppDelegate.swift */ = {isa = PBXFileReference; lastKnownFileType = sourcecode.swift; path = AppDelegate.swift; sourceTree = "<group>"; };
		99E866EF25E945320093E29B /* SceneDelegate.swift */ = {isa = PBXFileReference; lastKnownFileType = sourcecode.swift; path = SceneDelegate.swift; sourceTree = "<group>"; };
		99E866F125E945320093E29B /* ViewController.swift */ = {isa = PBXFileReference; lastKnownFileType = sourcecode.swift; path = ViewController.swift; sourceTree = "<group>"; };
		99E866F425E945320093E29B /* Base */ = {isa = PBXFileReference; lastKnownFileType = file.storyboard; name = Base; path = Base.lproj/Main.storyboard; sourceTree = "<group>"; };
		99E866F625E945330093E29B /* Assets.xcassets */ = {isa = PBXFileReference; lastKnownFileType = folder.assetcatalog; path = Assets.xcassets; sourceTree = "<group>"; };
		99E866F925E945330093E29B /* Base */ = {isa = PBXFileReference; lastKnownFileType = file.storyboard; name = Base; path = Base.lproj/LaunchScreen.storyboard; sourceTree = "<group>"; };
		99E866FB25E945330093E29B /* Info.plist */ = {isa = PBXFileReference; lastKnownFileType = text.plist.xml; path = Info.plist; sourceTree = "<group>"; };
		99E8670025E945330093E29B /* DesignPatternsTests.xctest */ = {isa = PBXFileReference; explicitFileType = wrapper.cfbundle; includeInIndex = 0; path = DesignPatternsTests.xctest; sourceTree = BUILT_PRODUCTS_DIR; };
		99E8670425E945330093E29B /* DesignPatternsTests.swift */ = {isa = PBXFileReference; lastKnownFileType = sourcecode.swift; path = DesignPatternsTests.swift; sourceTree = "<group>"; };
		99E8670625E945330093E29B /* Info.plist */ = {isa = PBXFileReference; lastKnownFileType = text.plist.xml; path = Info.plist; sourceTree = "<group>"; };
		99E8670B25E945330093E29B /* DesignPatternsUITests.xctest */ = {isa = PBXFileReference; explicitFileType = wrapper.cfbundle; includeInIndex = 0; path = DesignPatternsUITests.xctest; sourceTree = BUILT_PRODUCTS_DIR; };
		99E8670F25E945330093E29B /* DesignPatternsUITests.swift */ = {isa = PBXFileReference; lastKnownFileType = sourcecode.swift; path = DesignPatternsUITests.swift; sourceTree = "<group>"; };
		99E8671125E945330093E29B /* Info.plist */ = {isa = PBXFileReference; lastKnownFileType = text.plist.xml; path = Info.plist; sourceTree = "<group>"; };
		99E8672225E949270093E29B /* .swiftlint.yml */ = {isa = PBXFileReference; lastKnownFileType = text.yaml; path = .swiftlint.yml; sourceTree = "<group>"; };
/* End PBXFileReference section */

/* Begin PBXFrameworksBuildPhase section */
		99E866E725E945320093E29B /* Frameworks */ = {
			isa = PBXFrameworksBuildPhase;
			buildActionMask = 2147483647;
			files = (
			);
			runOnlyForDeploymentPostprocessing = 0;
		};
		99E866FD25E945330093E29B /* Frameworks */ = {
			isa = PBXFrameworksBuildPhase;
			buildActionMask = 2147483647;
			files = (
			);
			runOnlyForDeploymentPostprocessing = 0;
		};
		99E8670825E945330093E29B /* Frameworks */ = {
			isa = PBXFrameworksBuildPhase;
			buildActionMask = 2147483647;
			files = (
			);
			runOnlyForDeploymentPostprocessing = 0;
		};
/* End PBXFrameworksBuildPhase section */

/* Begin PBXGroup section */
		99E866E125E945320093E29B = {
			isa = PBXGroup;
			children = (
				99E8672225E949270093E29B /* .swiftlint.yml */,
				99E866EC25E945320093E29B /* DesignPatterns */,
				99E8670325E945330093E29B /* DesignPatternsTests */,
				99E8670E25E945330093E29B /* DesignPatternsUITests */,
				99E866EB25E945320093E29B /* Products */,
			);
			sourceTree = "<group>";
		};
		99E866EB25E945320093E29B /* Products */ = {
			isa = PBXGroup;
			children = (
				99E866EA25E945320093E29B /* DesignPatterns.app */,
				99E8670025E945330093E29B /* DesignPatternsTests.xctest */,
				99E8670B25E945330093E29B /* DesignPatternsUITests.xctest */,
			);
			name = Products;
			sourceTree = "<group>";
		};
		99E866EC25E945320093E29B /* DesignPatterns */ = {
			isa = PBXGroup;
			children = (
				99E8672025E9454B0093E29B /* Singleton */,
				99E866ED25E945320093E29B /* AppDelegate.swift */,
				99E866EF25E945320093E29B /* SceneDelegate.swift */,
				99E866F125E945320093E29B /* ViewController.swift */,
				99E866F325E945320093E29B /* Main.storyboard */,
				99E866F625E945330093E29B /* Assets.xcassets */,
				99E866F825E945330093E29B /* LaunchScreen.storyboard */,
				99E866FB25E945330093E29B /* Info.plist */,
			);
			path = DesignPatterns;
			sourceTree = "<group>";
		};
		99E8670325E945330093E29B /* DesignPatternsTests */ = {
			isa = PBXGroup;
			children = (
				99E8670425E945330093E29B /* DesignPatternsTests.swift */,
				99E8670625E945330093E29B /* Info.plist */,
				9904CC3525EB337800DE0941 /* SingletonClassConstantTests.swift */,
				9904CC3D25EB37CE00DE0941 /* SingletonNestedStructTests.swift */,
			);
			path = DesignPatternsTests;
			sourceTree = "<group>";
		};
		99E8670E25E945330093E29B /* DesignPatternsUITests */ = {
			isa = PBXGroup;
			children = (
				99E8670F25E945330093E29B /* DesignPatternsUITests.swift */,
				99E8671125E945330093E29B /* Info.plist */,
			);
			path = DesignPatternsUITests;
			sourceTree = "<group>";
		};
		99E8672025E9454B0093E29B /* Singleton */ = {
			isa = PBXGroup;
			children = (
				9904CC2325EB309600DE0941 /* SingletonClassConstant.swift */,
				9904CC2825EB314600DE0941 /* SingletonNestedStruct.swift */,
			);
			path = Singleton;
			sourceTree = "<group>";
		};
/* End PBXGroup section */

/* Begin PBXNativeTarget section */
		99E866E925E945320093E29B /* DesignPatterns */ = {
			isa = PBXNativeTarget;
			buildConfigurationList = 99E8671425E945330093E29B /* Build configuration list for PBXNativeTarget "DesignPatterns" */;
			buildPhases = (
				99E866E625E945320093E29B /* Sources */,
				99E866E725E945320093E29B /* Frameworks */,
				99E866E825E945320093E29B /* Resources */,
				99E8672125E948720093E29B /* ShellScript */,
			);
			buildRules = (
			);
			dependencies = (
			);
			name = DesignPatterns;
			productName = DesignPatterns;
			productReference = 99E866EA25E945320093E29B /* DesignPatterns.app */;
			productType = "com.apple.product-type.application";
		};
		99E866FF25E945330093E29B /* DesignPatternsTests */ = {
			isa = PBXNativeTarget;
			buildConfigurationList = 99E8671725E945330093E29B /* Build configuration list for PBXNativeTarget "DesignPatternsTests" */;
			buildPhases = (
				99E866FC25E945330093E29B /* Sources */,
				99E866FD25E945330093E29B /* Frameworks */,
				99E866FE25E945330093E29B /* Resources */,
			);
			buildRules = (
			);
			dependencies = (
				99E8670225E945330093E29B /* PBXTargetDependency */,
			);
			name = DesignPatternsTests;
			productName = DesignPatternsTests;
			productReference = 99E8670025E945330093E29B /* DesignPatternsTests.xctest */;
			productType = "com.apple.product-type.bundle.unit-test";
		};
		99E8670A25E945330093E29B /* DesignPatternsUITests */ = {
			isa = PBXNativeTarget;
			buildConfigurationList = 99E8671A25E945330093E29B /* Build configuration list for PBXNativeTarget "DesignPatternsUITests" */;
			buildPhases = (
				99E8670725E945330093E29B /* Sources */,
				99E8670825E945330093E29B /* Frameworks */,
				99E8670925E945330093E29B /* Resources */,
			);
			buildRules = (
			);
			dependencies = (
				99E8670D25E945330093E29B /* PBXTargetDependency */,
			);
			name = DesignPatternsUITests;
			productName = DesignPatternsUITests;
			productReference = 99E8670B25E945330093E29B /* DesignPatternsUITests.xctest */;
			productType = "com.apple.product-type.bundle.ui-testing";
		};
/* End PBXNativeTarget section */

/* Begin PBXProject section */
		99E866E225E945320093E29B /* Project object */ = {
			isa = PBXProject;
			attributes = {
				LastSwiftUpdateCheck = 1240;
				LastUpgradeCheck = 1240;
				TargetAttributes = {
					99E866E925E945320093E29B = {
						CreatedOnToolsVersion = 12.4;
					};
					99E866FF25E945330093E29B = {
						CreatedOnToolsVersion = 12.4;
						TestTargetID = 99E866E925E945320093E29B;
					};
					99E8670A25E945330093E29B = {
						CreatedOnToolsVersion = 12.4;
						TestTargetID = 99E866E925E945320093E29B;
					};
				};
			};
			buildConfigurationList = 99E866E525E945320093E29B /* Build configuration list for PBXProject "DesignPatterns" */;
			compatibilityVersion = "Xcode 9.3";
			developmentRegion = en;
			hasScannedForEncodings = 0;
			knownRegions = (
				en,
				Base,
			);
			mainGroup = 99E866E125E945320093E29B;
			productRefGroup = 99E866EB25E945320093E29B /* Products */;
			projectDirPath = "";
			projectRoot = "";
			targets = (
				99E866E925E945320093E29B /* DesignPatterns */,
				99E866FF25E945330093E29B /* DesignPatternsTests */,
				99E8670A25E945330093E29B /* DesignPatternsUITests */,
			);
		};
/* End PBXProject section */

/* Begin PBXResourcesBuildPhase section */
		99E866E825E945320093E29B /* Resources */ = {
			isa = PBXResourcesBuildPhase;
			buildActionMask = 2147483647;
			files = (
				99E8672325E949270093E29B /* .swiftlint.yml in Resources */,
				99E866FA25E945330093E29B /* LaunchScreen.storyboard in Resources */,
				99E866F725E945330093E29B /* Assets.xcassets in Resources */,
				99E866F525E945320093E29B /* Main.storyboard in Resources */,
			);
			runOnlyForDeploymentPostprocessing = 0;
		};
		99E866FE25E945330093E29B /* Resources */ = {
			isa = PBXResourcesBuildPhase;
			buildActionMask = 2147483647;
			files = (
			);
			runOnlyForDeploymentPostprocessing = 0;
		};
		99E8670925E945330093E29B /* Resources */ = {
			isa = PBXResourcesBuildPhase;
			buildActionMask = 2147483647;
			files = (
			);
			runOnlyForDeploymentPostprocessing = 0;
		};
/* End PBXResourcesBuildPhase section */

/* Begin PBXShellScriptBuildPhase section */
		99E8672125E948720093E29B /* ShellScript */ = {
			isa = PBXShellScriptBuildPhase;
			buildActionMask = 2147483647;
			files = (
			);
			inputFileListPaths = (
			);
			inputPaths = (
			);
			outputFileListPaths = (
			);
			outputPaths = (
			);
			runOnlyForDeploymentPostprocessing = 0;
			shellPath = /bin/sh;
			shellScript = "if which swiftlint >/dev/null; then\n  swiftlint\nelse\n  echo \"warning: SwiftLint not installed, download from https://github.com/realm/SwiftLint\"\nfi\n";
		};
/* End PBXShellScriptBuildPhase section */

/* Begin PBXSourcesBuildPhase section */
		99E866E625E945320093E29B /* Sources */ = {
			isa = PBXSourcesBuildPhase;
			buildActionMask = 2147483647;
			files = (
				99E866F225E945320093E29B /* ViewController.swift in Sources */,
				99E866EE25E945320093E29B /* AppDelegate.swift in Sources */,
				9904CC2925EB314600DE0941 /* SingletonNestedStruct.swift in Sources */,
				9904CC2425EB309600DE0941 /* SingletonClassConstant.swift in Sources */,
				99E866F025E945320093E29B /* SceneDelegate.swift in Sources */,
			);
			runOnlyForDeploymentPostprocessing = 0;
		};
		99E866FC25E945330093E29B /* Sources */ = {
			isa = PBXSourcesBuildPhase;
			buildActionMask = 2147483647;
			files = (
				9904CC3625EB337800DE0941 /* SingletonClassConstantTests.swift in Sources */,
				9904CC3E25EB37CE00DE0941 /* SingletonNestedStructTests.swift in Sources */,
				99E8670525E945330093E29B /* DesignPatternsTests.swift in Sources */,
			);
			runOnlyForDeploymentPostprocessing = 0;
		};
		99E8670725E945330093E29B /* Sources */ = {
			isa = PBXSourcesBuildPhase;
			buildActionMask = 2147483647;
			files = (
				99E8671025E945330093E29B /* DesignPatternsUITests.swift in Sources */,
			);
			runOnlyForDeploymentPostprocessing = 0;
		};
/* End PBXSourcesBuildPhase section */

/* Begin PBXTargetDependency section */
		99E8670225E945330093E29B /* PBXTargetDependency */ = {
			isa = PBXTargetDependency;
			target = 99E866E925E945320093E29B /* DesignPatterns */;
			targetProxy = 99E8670125E945330093E29B /* PBXContainerItemProxy */;
		};
		99E8670D25E945330093E29B /* PBXTargetDependency */ = {
			isa = PBXTargetDependency;
			target = 99E866E925E945320093E29B /* DesignPatterns */;
			targetProxy = 99E8670C25E945330093E29B /* PBXContainerItemProxy */;
		};
/* End PBXTargetDependency section */

/* Begin PBXVariantGroup section */
		99E866F325E945320093E29B /* Main.storyboard */ = {
			isa = PBXVariantGroup;
			children = (
				99E866F425E945320093E29B /* Base */,
			);
			name = Main.storyboard;
			sourceTree = "<group>";
		};
		99E866F825E945330093E29B /* LaunchScreen.storyboard */ = {
			isa = PBXVariantGroup;
			children = (
				99E866F925E945330093E29B /* Base */,
			);
			name = LaunchScreen.storyboard;
			sourceTree = "<group>";
		};
/* End PBXVariantGroup section */

/* Begin XCBuildConfiguration section */
		99E8671225E945330093E29B /* Debug */ = {
			isa = XCBuildConfiguration;
			buildSettings = {
				ALWAYS_SEARCH_USER_PATHS = NO;
				CLANG_ANALYZER_NONNULL = YES;
				CLANG_ANALYZER_NUMBER_OBJECT_CONVERSION = YES_AGGRESSIVE;
				CLANG_CXX_LANGUAGE_STANDARD = "gnu++14";
				CLANG_CXX_LIBRARY = "libc++";
				CLANG_ENABLE_MODULES = YES;
				CLANG_ENABLE_OBJC_ARC = YES;
				CLANG_ENABLE_OBJC_WEAK = YES;
				CLANG_WARN_BLOCK_CAPTURE_AUTORELEASING = YES;
				CLANG_WARN_BOOL_CONVERSION = YES;
				CLANG_WARN_COMMA = YES;
				CLANG_WARN_CONSTANT_CONVERSION = YES;
				CLANG_WARN_DEPRECATED_OBJC_IMPLEMENTATIONS = YES;
				CLANG_WARN_DIRECT_OBJC_ISA_USAGE = YES_ERROR;
				CLANG_WARN_DOCUMENTATION_COMMENTS = YES;
				CLANG_WARN_EMPTY_BODY = YES;
				CLANG_WARN_ENUM_CONVERSION = YES;
				CLANG_WARN_INFINITE_RECURSION = YES;
				CLANG_WARN_INT_CONVERSION = YES;
				CLANG_WARN_NON_LITERAL_NULL_CONVERSION = YES;
				CLANG_WARN_OBJC_IMPLICIT_RETAIN_SELF = YES;
				CLANG_WARN_OBJC_LITERAL_CONVERSION = YES;
				CLANG_WARN_OBJC_ROOT_CLASS = YES_ERROR;
				CLANG_WARN_QUOTED_INCLUDE_IN_FRAMEWORK_HEADER = YES;
				CLANG_WARN_RANGE_LOOP_ANALYSIS = YES;
				CLANG_WARN_STRICT_PROTOTYPES = YES;
				CLANG_WARN_SUSPICIOUS_MOVE = YES;
				CLANG_WARN_UNGUARDED_AVAILABILITY = YES_AGGRESSIVE;
				CLANG_WARN_UNREACHABLE_CODE = YES;
				CLANG_WARN__DUPLICATE_METHOD_MATCH = YES;
				COPY_PHASE_STRIP = NO;
				DEBUG_INFORMATION_FORMAT = dwarf;
				ENABLE_STRICT_OBJC_MSGSEND = YES;
				ENABLE_TESTABILITY = YES;
				GCC_C_LANGUAGE_STANDARD = gnu11;
				GCC_DYNAMIC_NO_PIC = NO;
				GCC_NO_COMMON_BLOCKS = YES;
				GCC_OPTIMIZATION_LEVEL = 0;
				GCC_PREPROCESSOR_DEFINITIONS = (
					"DEBUG=1",
					"$(inherited)",
				);
				GCC_WARN_64_TO_32_BIT_CONVERSION = YES;
				GCC_WARN_ABOUT_RETURN_TYPE = YES_ERROR;
				GCC_WARN_UNDECLARED_SELECTOR = YES;
				GCC_WARN_UNINITIALIZED_AUTOS = YES_AGGRESSIVE;
				GCC_WARN_UNUSED_FUNCTION = YES;
				GCC_WARN_UNUSED_VARIABLE = YES;
				IPHONEOS_DEPLOYMENT_TARGET = 14.0;
				MTL_ENABLE_DEBUG_INFO = INCLUDE_SOURCE;
				MTL_FAST_MATH = YES;
				ONLY_ACTIVE_ARCH = YES;
				SDKROOT = iphoneos;
				SWIFT_ACTIVE_COMPILATION_CONDITIONS = DEBUG;
				SWIFT_OPTIMIZATION_LEVEL = "-Onone";
			};
			name = Debug;
		};
		99E8671325E945330093E29B /* Release */ = {
			isa = XCBuildConfiguration;
			buildSettings = {
				ALWAYS_SEARCH_USER_PATHS = NO;
				CLANG_ANALYZER_NONNULL = YES;
				CLANG_ANALYZER_NUMBER_OBJECT_CONVERSION = YES_AGGRESSIVE;
				CLANG_CXX_LANGUAGE_STANDARD = "gnu++14";
				CLANG_CXX_LIBRARY = "libc++";
				CLANG_ENABLE_MODULES = YES;
				CLANG_ENABLE_OBJC_ARC = YES;
				CLANG_ENABLE_OBJC_WEAK = YES;
				CLANG_WARN_BLOCK_CAPTURE_AUTORELEASING = YES;
				CLANG_WARN_BOOL_CONVERSION = YES;
				CLANG_WARN_COMMA = YES;
				CLANG_WARN_CONSTANT_CONVERSION = YES;
				CLANG_WARN_DEPRECATED_OBJC_IMPLEMENTATIONS = YES;
				CLANG_WARN_DIRECT_OBJC_ISA_USAGE = YES_ERROR;
				CLANG_WARN_DOCUMENTATION_COMMENTS = YES;
				CLANG_WARN_EMPTY_BODY = YES;
				CLANG_WARN_ENUM_CONVERSION = YES;
				CLANG_WARN_INFINITE_RECURSION = YES;
				CLANG_WARN_INT_CONVERSION = YES;
				CLANG_WARN_NON_LITERAL_NULL_CONVERSION = YES;
				CLANG_WARN_OBJC_IMPLICIT_RETAIN_SELF = YES;
				CLANG_WARN_OBJC_LITERAL_CONVERSION = YES;
				CLANG_WARN_OBJC_ROOT_CLASS = YES_ERROR;
				CLANG_WARN_QUOTED_INCLUDE_IN_FRAMEWORK_HEADER = YES;
				CLANG_WARN_RANGE_LOOP_ANALYSIS = YES;
				CLANG_WARN_STRICT_PROTOTYPES = YES;
				CLANG_WARN_SUSPICIOUS_MOVE = YES;
				CLANG_WARN_UNGUARDED_AVAILABILITY = YES_AGGRESSIVE;
				CLANG_WARN_UNREACHABLE_CODE = YES;
				CLANG_WARN__DUPLICATE_METHOD_MATCH = YES;
				COPY_PHASE_STRIP = NO;
				DEBUG_INFORMATION_FORMAT = "dwarf-with-dsym";
				ENABLE_NS_ASSERTIONS = NO;
				ENABLE_STRICT_OBJC_MSGSEND = YES;
				GCC_C_LANGUAGE_STANDARD = gnu11;
				GCC_NO_COMMON_BLOCKS = YES;
				GCC_WARN_64_TO_32_BIT_CONVERSION = YES;
				GCC_WARN_ABOUT_RETURN_TYPE = YES_ERROR;
				GCC_WARN_UNDECLARED_SELECTOR = YES;
				GCC_WARN_UNINITIALIZED_AUTOS = YES_AGGRESSIVE;
				GCC_WARN_UNUSED_FUNCTION = YES;
				GCC_WARN_UNUSED_VARIABLE = YES;
				IPHONEOS_DEPLOYMENT_TARGET = 14.0;
				MTL_ENABLE_DEBUG_INFO = NO;
				MTL_FAST_MATH = YES;
				SDKROOT = iphoneos;
				SWIFT_COMPILATION_MODE = wholemodule;
				SWIFT_OPTIMIZATION_LEVEL = "-O";
				VALIDATE_PRODUCT = YES;
			};
			name = Release;
		};
		99E8671525E945330093E29B /* Debug */ = {
			isa = XCBuildConfiguration;
			buildSettings = {
				ASSETCATALOG_COMPILER_APPICON_NAME = AppIcon;
				ASSETCATALOG_COMPILER_GLOBAL_ACCENT_COLOR_NAME = AccentColor;
				CODE_SIGN_STYLE = Automatic;
				DEVELOPMENT_TEAM = 9KJ59DSH6L;
				INFOPLIST_FILE = DesignPatterns/Info.plist;
				LD_RUNPATH_SEARCH_PATHS = (
					"$(inherited)",
					"@executable_path/Frameworks",
				);
				PRODUCT_BUNDLE_IDENTIFIER = com.DanielSpady.DesignPatternsExample;
				PRODUCT_NAME = "$(TARGET_NAME)";
				SWIFT_VERSION = 5.0;
				TARGETED_DEVICE_FAMILY = "1,2";
			};
			name = Debug;
		};
		99E8671625E945330093E29B /* Release */ = {
			isa = XCBuildConfiguration;
			buildSettings = {
				ASSETCATALOG_COMPILER_APPICON_NAME = AppIcon;
				ASSETCATALOG_COMPILER_GLOBAL_ACCENT_COLOR_NAME = AccentColor;
				CODE_SIGN_STYLE = Automatic;
				DEVELOPMENT_TEAM = 9KJ59DSH6L;
				INFOPLIST_FILE = DesignPatterns/Info.plist;
				LD_RUNPATH_SEARCH_PATHS = (
					"$(inherited)",
					"@executable_path/Frameworks",
				);
				PRODUCT_BUNDLE_IDENTIFIER = com.DanielSpady.DesignPatternsExample;
				PRODUCT_NAME = "$(TARGET_NAME)";
				SWIFT_VERSION = 5.0;
				TARGETED_DEVICE_FAMILY = "1,2";
			};
			name = Release;
		};
		99E8671825E945330093E29B /* Debug */ = {
			isa = XCBuildConfiguration;
			buildSettings = {
				ALWAYS_EMBED_SWIFT_STANDARD_LIBRARIES = YES;
				BUNDLE_LOADER = "$(TEST_HOST)";
				CODE_SIGN_STYLE = Automatic;
				INFOPLIST_FILE = DesignPatternsTests/Info.plist;
				IPHONEOS_DEPLOYMENT_TARGET = 14.0;
				LD_RUNPATH_SEARCH_PATHS = (
					"$(inherited)",
					"@executable_path/Frameworks",
					"@loader_path/Frameworks",
				);
				PRODUCT_BUNDLE_IDENTIFIER = com.DanielSpady.DesignPatternsTests;
				PRODUCT_NAME = "$(TARGET_NAME)";
				SWIFT_VERSION = 5.0;
				TARGETED_DEVICE_FAMILY = "1,2";
				TEST_HOST = "$(BUILT_PRODUCTS_DIR)/DesignPatterns.app/DesignPatterns";
			};
			name = Debug;
		};
		99E8671925E945330093E29B /* Release */ = {
			isa = XCBuildConfiguration;
			buildSettings = {
				ALWAYS_EMBED_SWIFT_STANDARD_LIBRARIES = YES;
				BUNDLE_LOADER = "$(TEST_HOST)";
				CODE_SIGN_STYLE = Automatic;
				INFOPLIST_FILE = DesignPatternsTests/Info.plist;
				IPHONEOS_DEPLOYMENT_TARGET = 14.0;
				LD_RUNPATH_SEARCH_PATHS = (
					"$(inherited)",
					"@executable_path/Frameworks",
					"@loader_path/Frameworks",
				);
				PRODUCT_BUNDLE_IDENTIFIER = com.DanielSpady.DesignPatternsTests;
				PRODUCT_NAME = "$(TARGET_NAME)";
				SWIFT_VERSION = 5.0;
				TARGETED_DEVICE_FAMILY = "1,2";
				TEST_HOST = "$(BUILT_PRODUCTS_DIR)/DesignPatterns.app/DesignPatterns";
			};
			name = Release;
		};
		99E8671B25E945330093E29B /* Debug */ = {
			isa = XCBuildConfiguration;
			buildSettings = {
				ALWAYS_EMBED_SWIFT_STANDARD_LIBRARIES = YES;
				CODE_SIGN_STYLE = Automatic;
				INFOPLIST_FILE = DesignPatternsUITests/Info.plist;
				LD_RUNPATH_SEARCH_PATHS = (
					"$(inherited)",
					"@executable_path/Frameworks",
					"@loader_path/Frameworks",
				);
				PRODUCT_BUNDLE_IDENTIFIER = com.DanielSpady.DesignPatternsUITests;
				PRODUCT_NAME = "$(TARGET_NAME)";
				SWIFT_VERSION = 5.0;
				TARGETED_DEVICE_FAMILY = "1,2";
				TEST_TARGET_NAME = DesignPatterns;
			};
			name = Debug;
		};
		99E8671C25E945330093E29B /* Release */ = {
			isa = XCBuildConfiguration;
			buildSettings = {
				ALWAYS_EMBED_SWIFT_STANDARD_LIBRARIES = YES;
				CODE_SIGN_STYLE = Automatic;
				INFOPLIST_FILE = DesignPatternsUITests/Info.plist;
				LD_RUNPATH_SEARCH_PATHS = (
					"$(inherited)",
					"@executable_path/Frameworks",
					"@loader_path/Frameworks",
				);
				PRODUCT_BUNDLE_IDENTIFIER = com.DanielSpady.DesignPatternsUITests;
				PRODUCT_NAME = "$(TARGET_NAME)";
				SWIFT_VERSION = 5.0;
				TARGETED_DEVICE_FAMILY = "1,2";
				TEST_TARGET_NAME = DesignPatterns;
			};
			name = Release;
		};
/* End XCBuildConfiguration section */

/* Begin XCConfigurationList section */
		99E866E525E945320093E29B /* Build configuration list for PBXProject "DesignPatterns" */ = {
			isa = XCConfigurationList;
			buildConfigurations = (
				99E8671225E945330093E29B /* Debug */,
				99E8671325E945330093E29B /* Release */,
			);
			defaultConfigurationIsVisible = 0;
			defaultConfigurationName = Release;
		};
		99E8671425E945330093E29B /* Build configuration list for PBXNativeTarget "DesignPatterns" */ = {
			isa = XCConfigurationList;
			buildConfigurations = (
				99E8671525E945330093E29B /* Debug */,
				99E8671625E945330093E29B /* Release */,
			);
			defaultConfigurationIsVisible = 0;
			defaultConfigurationName = Release;
		};
		99E8671725E945330093E29B /* Build configuration list for PBXNativeTarget "DesignPatternsTests" */ = {
			isa = XCConfigurationList;
			buildConfigurations = (
				99E8671825E945330093E29B /* Debug */,
				99E8671925E945330093E29B /* Release */,
			);
			defaultConfigurationIsVisible = 0;
			defaultConfigurationName = Release;
		};
		99E8671A25E945330093E29B /* Build configuration list for PBXNativeTarget "DesignPatternsUITests" */ = {
			isa = XCConfigurationList;
			buildConfigurations = (
				99E8671B25E945330093E29B /* Debug */,
				99E8671C25E945330093E29B /* Release */,
			);
			defaultConfigurationIsVisible = 0;
			defaultConfigurationName = Release;
		};
/* End XCConfigurationList section */
	};
	rootObject = 99E866E225E945320093E29B /* Project object */;
}
